// !$*UTF8*$!
{
	archiveVersion = 1;
	classes = {
	};
	objectVersion = 77;
	objects = {

/* Begin PBXBuildFile section */
		15ED57A58A48D98A4DE53A52 /* MenuBarView.swift in Sources */ = {isa = PBXBuildFile; fileRef = EFEA6E049770D3D7140AC1A9 /* MenuBarView.swift */; };
		250A4197F47B95AFE907AA59 /* KeychainHelper.swift in Sources */ = {isa = PBXBuildFile; fileRef = BF30B4CB03D8EED13F32282E /* KeychainHelper.swift */; };
		2BA099087DF49EE08C7E813E /* AppState.swift in Sources */ = {isa = PBXBuildFile; fileRef = 134200AFDE7C812E8BC81750 /* AppState.swift */; };
		6503CD601B53BE51654B7B2D /* SettingsView.swift in Sources */ = {isa = PBXBuildFile; fileRef = 5911DC29831C70EC4494C7BE /* SettingsView.swift */; };
		6E5A2CE0EE146BA5534713F7 /* DictionaryService.swift in Sources */ = {isa = PBXBuildFile; fileRef = 628FDACA5FC5A627113A2E3C /* DictionaryService.swift */; };
		B904F88192AD3C1E97F31CA6 /* VoiceClientApp.swift in Sources */ = {isa = PBXBuildFile; fileRef = 52386EF7B1CDE58A6F14B834 /* VoiceClientApp.swift */; };
		E2647972CEE4A979ECEA5C05 /* AppSettings.swift in Sources */ = {isa = PBXBuildFile; fileRef = 0EEBB0CFC5934EF000B0BB94 /* AppSettings.swift */; };
		F79BCD49BFDCCDD2F4A2B67A /* AuthService.swift in Sources */ = {isa = PBXBuildFile; fileRef = C15AA769E41934A16BCC4CB4 /* AuthService.swift */; };
/* End PBXBuildFile section */

/* Begin PBXFileReference section */
		0EEBB0CFC5934EF000B0BB94 /* AppSettings.swift */ = {isa = PBXFileReference; lastKnownFileType = sourcecode.swift; path = AppSettings.swift; sourceTree = "<group>"; };
		134200AFDE7C812E8BC81750 /* AppState.swift */ = {isa = PBXFileReference; lastKnownFileType = sourcecode.swift; path = AppState.swift; sourceTree = "<group>"; };
		3B77B264952B5C4EC5533C7D /* VoiceClient.app */ = {isa = PBXFileReference; explicitFileType = wrapper.application; includeInIndex = 0; path = VoiceClient.app; sourceTree = BUILT_PRODUCTS_DIR; };
		52386EF7B1CDE58A6F14B834 /* VoiceClientApp.swift */ = {isa = PBXFileReference; lastKnownFileType = sourcecode.swift; path = VoiceClientApp.swift; sourceTree = "<group>"; };
		5911DC29831C70EC4494C7BE /* SettingsView.swift */ = {isa = PBXFileReference; lastKnownFileType = sourcecode.swift; path = SettingsView.swift; sourceTree = "<group>"; };
		628FDACA5FC5A627113A2E3C /* DictionaryService.swift */ = {isa = PBXFileReference; lastKnownFileType = sourcecode.swift; path = DictionaryService.swift; sourceTree = "<group>"; };
		7BE1B540B99D4478E82A1AA3 /* VoiceClient.entitlements */ = {isa = PBXFileReference; lastKnownFileType = text.plist.entitlements; path = VoiceClient.entitlements; sourceTree = "<group>"; };
		BF30B4CB03D8EED13F32282E /* KeychainHelper.swift */ = {isa = PBXFileReference; lastKnownFileType = sourcecode.swift; path = KeychainHelper.swift; sourceTree = "<group>"; };
		C15AA769E41934A16BCC4CB4 /* AuthService.swift */ = {isa = PBXFileReference; lastKnownFileType = sourcecode.swift; path = AuthService.swift; sourceTree = "<group>"; };
		EFEA6E049770D3D7140AC1A9 /* MenuBarView.swift */ = {isa = PBXFileReference; lastKnownFileType = sourcecode.swift; path = MenuBarView.swift; sourceTree = "<group>"; };
/* End PBXFileReference section */

/* Begin PBXGroup section */
		108F36C917C977C9F87D1470 /* Products */ = {
			isa = PBXGroup;
			children = (
				3B77B264952B5C4EC5533C7D /* VoiceClient.app */,
			);
			name = Products;
			sourceTree = "<group>";
		};
		3AD7E5D4384796FDB10F3356 /* VoiceClient */ = {
			isa = PBXGroup;
			children = (
				134200AFDE7C812E8BC81750 /* AppState.swift */,
				7BE1B540B99D4478E82A1AA3 /* VoiceClient.entitlements */,
				52386EF7B1CDE58A6F14B834 /* VoiceClientApp.swift */,
				70BCD5386DAFE80F37454DDE /* Services */,
				85737226CB4E82D9F3AE737F /* Settings */,
				FB99EC96B88C998E4143E1EB /* Views */,
			);
			path = VoiceClient;
			sourceTree = "<group>";
		};
		70BCD5386DAFE80F37454DDE /* Services */ = {
			isa = PBXGroup;
			children = (
				C15AA769E41934A16BCC4CB4 /* AuthService.swift */,
				628FDACA5FC5A627113A2E3C /* DictionaryService.swift */,
				BF30B4CB03D8EED13F32282E /* KeychainHelper.swift */,
			);
			path = Services;
			sourceTree = "<group>";
		};
		85737226CB4E82D9F3AE737F /* Settings */ = {
			isa = PBXGroup;
			children = (
				0EEBB0CFC5934EF000B0BB94 /* AppSettings.swift */,
			);
			path = Settings;
			sourceTree = "<group>";
		};
		AE409D929888AE90B063F824 = {
			isa = PBXGroup;
			children = (
				3AD7E5D4384796FDB10F3356 /* VoiceClient */,
				108F36C917C977C9F87D1470 /* Products */,
			);
			sourceTree = "<group>";
		};
		FB99EC96B88C998E4143E1EB /* Views */ = {
			isa = PBXGroup;
			children = (
				EFEA6E049770D3D7140AC1A9 /* MenuBarView.swift */,
				5911DC29831C70EC4494C7BE /* SettingsView.swift */,
			);
			path = Views;
			sourceTree = "<group>";
		};
/* End PBXGroup section */

/* Begin PBXNativeTarget section */
		FC29D044EED2DF488A5A1B9A /* VoiceClient */ = {
			isa = PBXNativeTarget;
			buildConfigurationList = FF7E1291649E5D7B31279D1E /* Build configuration list for PBXNativeTarget "VoiceClient" */;
			buildPhases = (
				05C05DCF95AFEDE9EDA8FA42 /* Sources */,
			);
			buildRules = (
			);
			dependencies = (
			);
			name = VoiceClient;
			packageProductDependencies = (
			);
			productName = VoiceClient;
			productReference = 3B77B264952B5C4EC5533C7D /* VoiceClient.app */;
			productType = "com.apple.product-type.application";
		};
/* End PBXNativeTarget section */

/* Begin PBXProject section */
		70749A571EDF0438E9B9C0F9 /* Project object */ = {
			isa = PBXProject;
			attributes = {
				BuildIndependentTargetsInParallel = YES;
				LastUpgradeCheck = 1500;
				TargetAttributes = {
					FC29D044EED2DF488A5A1B9A = {
						DevelopmentTeam = "";
						ProvisioningStyle = Automatic;
					};
				};
			};
			buildConfigurationList = AAEF0CC43D56BCA5ABDBC662 /* Build configuration list for PBXProject "VoiceClient" */;
			compatibilityVersion = "Xcode 14.0";
			developmentRegion = en;
			hasScannedForEncodings = 0;
			knownRegions = (
				Base,
				en,
			);
			mainGroup = AE409D929888AE90B063F824;
			minimizedProjectReferenceProxies = 1;
			preferredProjectObjectVersion = 77;
			projectDirPath = "";
			projectRoot = "";
			targets = (
				FC29D044EED2DF488A5A1B9A /* VoiceClient */,
			);
		};
/* End PBXProject section */

/* Begin PBXSourcesBuildPhase section */
		05C05DCF95AFEDE9EDA8FA42 /* Sources */ = {
			isa = PBXSourcesBuildPhase;
			buildActionMask = 2147483647;
			files = (
				E2647972CEE4A979ECEA5C05 /* AppSettings.swift in Sources */,
				2BA099087DF49EE08C7E813E /* AppState.swift in Sources */,
				F79BCD49BFDCCDD2F4A2B67A /* AuthService.swift in Sources */,
				6E5A2CE0EE146BA5534713F7 /* DictionaryService.swift in Sources */,
				250A4197F47B95AFE907AA59 /* KeychainHelper.swift in Sources */,
				15ED57A58A48D98A4DE53A52 /* MenuBarView.swift in Sources */,
				6503CD601B53BE51654B7B2D /* SettingsView.swift in Sources */,
				B904F88192AD3C1E97F31CA6 /* VoiceClientApp.swift in Sources */,
			);
			runOnlyForDeploymentPostprocessing = 0;
		};
/* End PBXSourcesBuildPhase section */

/* Begin XCBuildConfiguration section */
		987755D5D610D292ABB81714 /* Debug */ = {
			isa = XCBuildConfiguration;
			buildSettings = {
				ALWAYS_SEARCH_USER_PATHS = NO;
				CLANG_ANALYZER_NONNULL = YES;
				CLANG_ANALYZER_NUMBER_OBJECT_CONVERSION = YES_AGGRESSIVE;
				CLANG_CXX_LANGUAGE_STANDARD = "gnu++14";
				CLANG_CXX_LIBRARY = "libc++";
				CLANG_ENABLE_MODULES = YES;
				CLANG_ENABLE_OBJC_ARC = YES;
				CLANG_ENABLE_OBJC_WEAK = YES;
				CLANG_WARN_BLOCK_CAPTURE_AUTORELEASING = YES;
				CLANG_WARN_BOOL_CONVERSION = YES;
				CLANG_WARN_COMMA = YES;
				CLANG_WARN_CONSTANT_CONVERSION = YES;
				CLANG_WARN_DEPRECATED_OBJC_IMPLEMENTATIONS = YES;
				CLANG_WARN_DIRECT_OBJC_ISA_USAGE = YES_ERROR;
				CLANG_WARN_DOCUMENTATION_COMMENTS = YES;
				CLANG_WARN_EMPTY_BODY = YES;
				CLANG_WARN_ENUM_CONVERSION = YES;
				CLANG_WARN_INFINITE_RECURSION = YES;
				CLANG_WARN_INT_CONVERSION = YES;
				CLANG_WARN_NON_LITERAL_NULL_CONVERSION = YES;
				CLANG_WARN_OBJC_IMPLICIT_RETAIN_SELF = YES;
				CLANG_WARN_OBJC_LITERAL_CONVERSION = YES;
				CLANG_WARN_OBJC_ROOT_CLASS = YES_ERROR;
				CLANG_WARN_QUOTED_INCLUDE_IN_FRAMEWORK_HEADER = YES;
				CLANG_WARN_RANGE_LOOP_ANALYSIS = YES;
				CLANG_WARN_STRICT_PROTOTYPES = YES;
				CLANG_WARN_SUSPICIOUS_MOVE = YES;
				CLANG_WARN_UNGUARDED_AVAILABILITY = YES_AGGRESSIVE;
				CLANG_WARN_UNREACHABLE_CODE = YES;
				CLANG_WARN__DUPLICATE_METHOD_MATCH = YES;
				CODE_SIGN_STYLE = Automatic;
				COPY_PHASE_STRIP = NO;
				CURRENT_PROJECT_VERSION = 1;
				DEBUG_INFORMATION_FORMAT = dwarf;
				DEVELOPMENT_TEAM = "";
				ENABLE_STRICT_OBJC_MSGSEND = YES;
				ENABLE_TESTABILITY = YES;
				GCC_C_LANGUAGE_STANDARD = gnu11;
				GCC_DYNAMIC_NO_PIC = NO;
				GCC_NO_COMMON_BLOCKS = YES;
				GCC_OPTIMIZATION_LEVEL = 0;
				GCC_PREPROCESSOR_DEFINITIONS = (
					"$(inherited)",
					"DEBUG=1",
				);
				GCC_WARN_64_TO_32_BIT_CONVERSION = YES;
				GCC_WARN_ABOUT_RETURN_TYPE = YES_ERROR;
				GCC_WARN_UNDECLARED_SELECTOR = YES;
				GCC_WARN_UNINITIALIZED_AUTOS = YES_AGGRESSIVE;
				GCC_WARN_UNUSED_FUNCTION = YES;
				GCC_WARN_UNUSED_VARIABLE = YES;
				MACOSX_DEPLOYMENT_TARGET = 13.0;
				MARKETING_VERSION = 1.0.0;
				MTL_ENABLE_DEBUG_INFO = INCLUDE_SOURCE;
				MTL_FAST_MATH = YES;
				ONLY_ACTIVE_ARCH = YES;
				PRODUCT_NAME = "$(TARGET_NAME)";
				SDKROOT = macosx;
				SWIFT_ACTIVE_COMPILATION_CONDITIONS = DEBUG;
				SWIFT_OPTIMIZATION_LEVEL = "-Onone";
				SWIFT_VERSION = 5.9;
			};
			name = Debug;
		};
		A0E7405C20EF8598A90183E7 /* Release */ = {
			isa = XCBuildConfiguration;
			buildSettings = {
				ALWAYS_SEARCH_USER_PATHS = NO;
				CLANG_ANALYZER_NONNULL = YES;
				CLANG_ANALYZER_NUMBER_OBJECT_CONVERSION = YES_AGGRESSIVE;
				CLANG_CXX_LANGUAGE_STANDARD = "gnu++14";
				CLANG_CXX_LIBRARY = "libc++";
				CLANG_ENABLE_MODULES = YES;
				CLANG_ENABLE_OBJC_ARC = YES;
				CLANG_ENABLE_OBJC_WEAK = YES;
				CLANG_WARN_BLOCK_CAPTURE_AUTORELEASING = YES;
				CLANG_WARN_BOOL_CONVERSION = YES;
				CLANG_WARN_COMMA = YES;
				CLANG_WARN_CONSTANT_CONVERSION = YES;
				CLANG_WARN_DEPRECATED_OBJC_IMPLEMENTATIONS = YES;
				CLANG_WARN_DIRECT_OBJC_ISA_USAGE = YES_ERROR;
				CLANG_WARN_DOCUMENTATION_COMMENTS = YES;
				CLANG_WARN_EMPTY_BODY = YES;
				CLANG_WARN_ENUM_CONVERSION = YES;
				CLANG_WARN_INFINITE_RECURSION = YES;
				CLANG_WARN_INT_CONVERSION = YES;
				CLANG_WARN_NON_LITERAL_NULL_CONVERSION = YES;
				CLANG_WARN_OBJC_IMPLICIT_RETAIN_SELF = YES;
				CLANG_WARN_OBJC_LITERAL_CONVERSION = YES;
				CLANG_WARN_OBJC_ROOT_CLASS = YES_ERROR;
				CLANG_WARN_QUOTED_INCLUDE_IN_FRAMEWORK_HEADER = YES;
				CLANG_WARN_RANGE_LOOP_ANALYSIS = YES;
				CLANG_WARN_STRICT_PROTOTYPES = YES;
				CLANG_WARN_SUSPICIOUS_MOVE = YES;
				CLANG_WARN_UNGUARDED_AVAILABILITY = YES_AGGRESSIVE;
				CLANG_WARN_UNREACHABLE_CODE = YES;
				CLANG_WARN__DUPLICATE_METHOD_MATCH = YES;
				CODE_SIGN_STYLE = Automatic;
				COPY_PHASE_STRIP = NO;
				CURRENT_PROJECT_VERSION = 1;
				DEBUG_INFORMATION_FORMAT = "dwarf-with-dsym";
				DEVELOPMENT_TEAM = "";
				ENABLE_NS_ASSERTIONS = NO;
				ENABLE_STRICT_OBJC_MSGSEND = YES;
				GCC_C_LANGUAGE_STANDARD = gnu11;
				GCC_NO_COMMON_BLOCKS = YES;
				GCC_WARN_64_TO_32_BIT_CONVERSION = YES;
				GCC_WARN_ABOUT_RETURN_TYPE = YES_ERROR;
				GCC_WARN_UNDECLARED_SELECTOR = YES;
				GCC_WARN_UNINITIALIZED_AUTOS = YES_AGGRESSIVE;
				GCC_WARN_UNUSED_FUNCTION = YES;
				GCC_WARN_UNUSED_VARIABLE = YES;
				MACOSX_DEPLOYMENT_TARGET = 13.0;
				MARKETING_VERSION = 1.0.0;
				MTL_ENABLE_DEBUG_INFO = NO;
				MTL_FAST_MATH = YES;
				PRODUCT_NAME = "$(TARGET_NAME)";
				SDKROOT = macosx;
				SWIFT_COMPILATION_MODE = wholemodule;
				SWIFT_OPTIMIZATION_LEVEL = "-O";
				SWIFT_VERSION = 5.9;
			};
			name = Release;
		};
		BBDD8AB5FBADEA7598AABAB3 /* Debug */ = {
			isa = XCBuildConfiguration;
			buildSettings = {
				ASSETCATALOG_COMPILER_APPICON_NAME = AppIcon;
				CODE_SIGN_ENTITLEMENTS = VoiceClient/VoiceClient.entitlements;
				COMBINE_HIDPI_IMAGES = YES;
				ENABLE_HARDENED_RUNTIME = YES;
				INFOPLIST_FILE = VoiceClient/Info.plist;
				LD_RUNPATH_SEARCH_PATHS = "@executable_path/../Frameworks";
				LSUIElement = YES;
				PRODUCT_BUNDLE_IDENTIFIER = com.kumakuma.voiceclient;
				SDKROOT = macosx;
			};
			name = Debug;
		};
		D5EE6D9CCA12F733632DC7C1 /* Release */ = {
			isa = XCBuildConfiguration;
			buildSettings = {
				ASSETCATALOG_COMPILER_APPICON_NAME = AppIcon;
				CODE_SIGN_ENTITLEMENTS = VoiceClient/VoiceClient.entitlements;
				COMBINE_HIDPI_IMAGES = YES;
				ENABLE_HARDENED_RUNTIME = YES;
				INFOPLIST_FILE = VoiceClient/Info.plist;
				LD_RUNPATH_SEARCH_PATHS = "@executable_path/../Frameworks";
				LSUIElement = YES;
				PRODUCT_BUNDLE_IDENTIFIER = com.kumakuma.voiceclient;
				SDKROOT = macosx;
			};
			name = Release;
		};
/* End XCBuildConfiguration section */

/* Begin XCConfigurationList section */
		AAEF0CC43D56BCA5ABDBC662 /* Build configuration list for PBXProject "VoiceClient" */ = {
			isa = XCConfigurationList;
			buildConfigurations = (
				987755D5D610D292ABB81714 /* Debug */,
				A0E7405C20EF8598A90183E7 /* Release */,
			);
			defaultConfigurationIsVisible = 0;
			defaultConfigurationName = Debug;
		};
		FF7E1291649E5D7B31279D1E /* Build configuration list for PBXNativeTarget "VoiceClient" */ = {
			isa = XCConfigurationList;
			buildConfigurations = (
				BBDD8AB5FBADEA7598AABAB3 /* Debug */,
				D5EE6D9CCA12F733632DC7C1 /* Release */,
			);
			defaultConfigurationIsVisible = 0;
			defaultConfigurationName = Debug;
		};
/* End XCConfigurationList section */
	};
	rootObject = 70749A571EDF0438E9B9C0F9 /* Project object */;
}
